
Microsoft Visual Studio Solution File, Format Version 12.00
# Visual Studio Version 17
VisualStudioVersion = 17.6.33829.357
MinimumVisualStudioVersion = 10.0.40219.1
Project("{FAE04EC0-301F-11D3-BF4B-00C04F79EFBC}") = "YazilimDersleriConsole", "YazilimDersleriConsole\YazilimDersleriConsole.csproj", "{8A032369-3026-496C-94EF-D6171783BC46}"
EndProject
Global
	GlobalSection(SolutionConfigurationPlatforms) = preSolution
		Debug|Any CPU = Debug|Any CPU
		Release|Any CPU = Release|Any CPU
	EndGlobalSection
	GlobalSection(ProjectConfigurationPlatforms) = postSolution
		{8A032369-3026-496C-94EF-D6171783BC46}.Debug|Any CPU.ActiveCfg = Debug|Any CPU
		{8A032369-3026-496C-94EF-D6171783BC46}.Debug|Any CPU.Build.0 = Debug|Any CPU
		{8A032369-3026-496C-94EF-D6171783BC46}.Release|Any CPU.ActiveCfg = Release|Any CPU
		{8A032369-3026-496C-94EF-D6171783BC46}.Release|Any CPU.Build.0 = Release|Any CPU
	EndGlobalSection
	GlobalSection(SolutionProperties) = preSolution
		HideSolutionNode = FALSE
	EndGlobalSection
	GlobalSection(ExtensibilityGlobals) = postSolution
		SolutionGuid = {E84CC91B-464B-45F1-8FAD-9F58F18631C4}
	EndGlobalSection
EndGlobal
